
Microsoft Visual Studio Solution File, Format Version 12.00
# Visual Studio Version 16
VisualStudioVersion = 16.0.32510.428
MinimumVisualStudioVersion = 10.0.40219.1
Project("{2150E333-8FDC-42A3-9474-1A3956D46DE8}") = "Solution Items", "Solution Items", "{988FC917-A0AE-4670-86E4-F4C89822408C}"
	ProjectSection(SolutionItems) = preProject
		docker-compose.yml = docker-compose.yml
		ServiceUrls.txt = ServiceUrls.txt
	EndProjectSection
EndProject
Project("{2150E333-8FDC-42A3-9474-1A3956D46DE8}") = "src", "src", "{ED5C6B4B-C72F-40D3-B1CC-F99BC6272C92}"
EndProject
Project("{2150E333-8FDC-42A3-9474-1A3956D46DE8}") = "PhoneBook", "PhoneBook", "{64242081-42B7-47DF-B548-BEAE3BF5223A}"
EndProject
Project("{2150E333-8FDC-42A3-9474-1A3956D46DE8}") = "PhoneBookReport", "PhoneBookReport", "{44500EF6-4447-4F6B-9503-EFB825C76074}"
EndProject
Project("{9A19103F-16F7-4668-BE54-9A1E7A4F7556}") = "PhoneBook.WebApi", "src\PhoneBook\PhoneBook.WebApi\PhoneBook.WebApi.csproj", "{A2C09589-1E7D-4501-B52A-A155B1419182}"
EndProject
Project("{9A19103F-16F7-4668-BE54-9A1E7A4F7556}") = "PhoneBook.Data", "src\PhoneBook\PhoneBook.Data\PhoneBook.Data.csproj", "{289364E4-CB9D-47FF-A321-DB21D9978635}"
EndProject
Project("{9A19103F-16F7-4668-BE54-9A1E7A4F7556}") = "PhoneBook.Business", "src\PhoneBook\PhoneBook.Business\PhoneBook.Business.csproj", "{C97F53D9-06A7-4BCF-8634-1C92FE76EED7}"
EndProject
Project("{9A19103F-16F7-4668-BE54-9A1E7A4F7556}") = "PhoneBook.Entity", "src\PhoneBook\PhoneBook.Entity\PhoneBook.Entity.csproj", "{63358A78-D13E-4D77-8751-52794C1E220E}"
EndProject
Project("{9A19103F-16F7-4668-BE54-9A1E7A4F7556}") = "PhoneBook.Report.WebApi", "src\PhoneBookReport\PhoneBook.Report.WebApi\PhoneBook.Report.WebApi.csproj", "{A0721527-E6B9-44FA-9DD6-D97B10245A9D}"
EndProject
Project("{9A19103F-16F7-4668-BE54-9A1E7A4F7556}") = "PhoneBook.Report.Data", "src\PhoneBookReport\PhoneBook.Report.Data\PhoneBook.Report.Data.csproj", "{B779D4ED-0923-49CE-AE91-0282E1024FE9}"
EndProject
Project("{9A19103F-16F7-4668-BE54-9A1E7A4F7556}") = "PhoneBook.Report.Entity", "src\PhoneBookReport\PhoneBook.Report.Entity\PhoneBook.Report.Entity.csproj", "{B5E41E90-215B-43D9-B4F0-BAD93D28172C}"
EndProject
Project("{9A19103F-16F7-4668-BE54-9A1E7A4F7556}") = "PhoneBook.Report.Business", "src\PhoneBookReport\PhoneBook.Report.Business\PhoneBook.Report.Business.csproj", "{C4AA927F-63EC-4C1E-B82F-9677BC6B8345}"
EndProject
Project("{9A19103F-16F7-4668-BE54-9A1E7A4F7556}") = "PhoneBook.Report.Creator", "src\PhoneBookReport\PhoneBook.Report.Creator\PhoneBook.Report.Creator.csproj", "{499271FA-C8B0-400A-8E82-C4C3E6E6FDD7}"
EndProject
Project("{9A19103F-16F7-4668-BE54-9A1E7A4F7556}") = "PhoneBook.Report.Common", "src\PhoneBookReport\PhoneBook.Report.Common\PhoneBook.Report.Common.csproj", "{A243F2D8-A632-4FE2-B683-EFBB63E135D7}"
EndProject
Project("{9A19103F-16F7-4668-BE54-9A1E7A4F7556}") = "PhoneBook.Report.Business.UnitTest", "src\PhoneBookReport\PhoneBook.Report.Business.UnitTest\PhoneBook.Report.Business.UnitTest.csproj", "{2C18C78C-7DB0-4667-A487-FC34B0B97E0E}"
EndProject
Project("{FAE04EC0-301F-11D3-BF4B-00C04F79EFBC}") = "PhoneBook.Business.UnitTest", "src\PhoneBook\PhoneBook.Business.UnitTest\PhoneBook.Business.UnitTest.csproj", "{96893076-12A0-40E7-90A2-876C2590FEA9}"
EndProject
Project("{FAE04EC0-301F-11D3-BF4B-00C04F79EFBC}") = "PhoneBook.Report.Creator.UnitTests", "src\PhoneBookReport\PhoneBook.Report.Creator.UnitTests\PhoneBook.Report.Creator.UnitTests.csproj", "{F7932327-A712-4F88-91D9-F9308A1F99ED}"
EndProject
Global
	GlobalSection(SolutionConfigurationPlatforms) = preSolution
		Debug|Any CPU = Debug|Any CPU
		Release|Any CPU = Release|Any CPU
	EndGlobalSection
	GlobalSection(ProjectConfigurationPlatforms) = postSolution
		{A2C09589-1E7D-4501-B52A-A155B1419182}.Debug|Any CPU.ActiveCfg = Debug|Any CPU
		{A2C09589-1E7D-4501-B52A-A155B1419182}.Debug|Any CPU.Build.0 = Debug|Any CPU
		{A2C09589-1E7D-4501-B52A-A155B1419182}.Release|Any CPU.ActiveCfg = Release|Any CPU
		{A2C09589-1E7D-4501-B52A-A155B1419182}.Release|Any CPU.Build.0 = Release|Any CPU
		{289364E4-CB9D-47FF-A321-DB21D9978635}.Debug|Any CPU.ActiveCfg = Debug|Any CPU
		{289364E4-CB9D-47FF-A321-DB21D9978635}.Debug|Any CPU.Build.0 = Debug|Any CPU
		{289364E4-CB9D-47FF-A321-DB21D9978635}.Release|Any CPU.ActiveCfg = Release|Any CPU
		{289364E4-CB9D-47FF-A321-DB21D9978635}.Release|Any CPU.Build.0 = Release|Any CPU
		{C97F53D9-06A7-4BCF-8634-1C92FE76EED7}.Debug|Any CPU.ActiveCfg = Debug|Any CPU
		{C97F53D9-06A7-4BCF-8634-1C92FE76EED7}.Debug|Any CPU.Build.0 = Debug|Any CPU
		{C97F53D9-06A7-4BCF-8634-1C92FE76EED7}.Release|Any CPU.ActiveCfg = Release|Any CPU
		{C97F53D9-06A7-4BCF-8634-1C92FE76EED7}.Release|Any CPU.Build.0 = Release|Any CPU
		{63358A78-D13E-4D77-8751-52794C1E220E}.Debug|Any CPU.ActiveCfg = Debug|Any CPU
		{63358A78-D13E-4D77-8751-52794C1E220E}.Debug|Any CPU.Build.0 = Debug|Any CPU
		{63358A78-D13E-4D77-8751-52794C1E220E}.Release|Any CPU.ActiveCfg = Release|Any CPU
		{63358A78-D13E-4D77-8751-52794C1E220E}.Release|Any CPU.Build.0 = Release|Any CPU
		{A0721527-E6B9-44FA-9DD6-D97B10245A9D}.Debug|Any CPU.ActiveCfg = Debug|Any CPU
		{A0721527-E6B9-44FA-9DD6-D97B10245A9D}.Debug|Any CPU.Build.0 = Debug|Any CPU
		{A0721527-E6B9-44FA-9DD6-D97B10245A9D}.Release|Any CPU.ActiveCfg = Release|Any CPU
		{A0721527-E6B9-44FA-9DD6-D97B10245A9D}.Release|Any CPU.Build.0 = Release|Any CPU
		{B779D4ED-0923-49CE-AE91-0282E1024FE9}.Debug|Any CPU.ActiveCfg = Debug|Any CPU
		{B779D4ED-0923-49CE-AE91-0282E1024FE9}.Debug|Any CPU.Build.0 = Debug|Any CPU
		{B779D4ED-0923-49CE-AE91-0282E1024FE9}.Release|Any CPU.ActiveCfg = Release|Any CPU
		{B779D4ED-0923-49CE-AE91-0282E1024FE9}.Release|Any CPU.Build.0 = Release|Any CPU
		{B5E41E90-215B-43D9-B4F0-BAD93D28172C}.Debug|Any CPU.ActiveCfg = Debug|Any CPU
		{B5E41E90-215B-43D9-B4F0-BAD93D28172C}.Debug|Any CPU.Build.0 = Debug|Any CPU
		{B5E41E90-215B-43D9-B4F0-BAD93D28172C}.Release|Any CPU.ActiveCfg = Release|Any CPU
		{B5E41E90-215B-43D9-B4F0-BAD93D28172C}.Release|Any CPU.Build.0 = Release|Any CPU
		{C4AA927F-63EC-4C1E-B82F-9677BC6B8345}.Debug|Any CPU.ActiveCfg = Debug|Any CPU
		{C4AA927F-63EC-4C1E-B82F-9677BC6B8345}.Debug|Any CPU.Build.0 = Debug|Any CPU
		{C4AA927F-63EC-4C1E-B82F-9677BC6B8345}.Release|Any CPU.ActiveCfg = Release|Any CPU
		{C4AA927F-63EC-4C1E-B82F-9677BC6B8345}.Release|Any CPU.Build.0 = Release|Any CPU
		{499271FA-C8B0-400A-8E82-C4C3E6E6FDD7}.Debug|Any CPU.ActiveCfg = Debug|Any CPU
		{499271FA-C8B0-400A-8E82-C4C3E6E6FDD7}.Debug|Any CPU.Build.0 = Debug|Any CPU
		{499271FA-C8B0-400A-8E82-C4C3E6E6FDD7}.Release|Any CPU.ActiveCfg = Release|Any CPU
		{499271FA-C8B0-400A-8E82-C4C3E6E6FDD7}.Release|Any CPU.Build.0 = Release|Any CPU
		{A243F2D8-A632-4FE2-B683-EFBB63E135D7}.Debug|Any CPU.ActiveCfg = Debug|Any CPU
		{A243F2D8-A632-4FE2-B683-EFBB63E135D7}.Debug|Any CPU.Build.0 = Debug|Any CPU
		{A243F2D8-A632-4FE2-B683-EFBB63E135D7}.Release|Any CPU.ActiveCfg = Release|Any CPU
		{A243F2D8-A632-4FE2-B683-EFBB63E135D7}.Release|Any CPU.Build.0 = Release|Any CPU
		{2C18C78C-7DB0-4667-A487-FC34B0B97E0E}.Debug|Any CPU.ActiveCfg = Debug|Any CPU
		{2C18C78C-7DB0-4667-A487-FC34B0B97E0E}.Debug|Any CPU.Build.0 = Debug|Any CPU
		{2C18C78C-7DB0-4667-A487-FC34B0B97E0E}.Release|Any CPU.ActiveCfg = Release|Any CPU
		{2C18C78C-7DB0-4667-A487-FC34B0B97E0E}.Release|Any CPU.Build.0 = Release|Any CPU
		{96893076-12A0-40E7-90A2-876C2590FEA9}.Debug|Any CPU.ActiveCfg = Debug|Any CPU
		{96893076-12A0-40E7-90A2-876C2590FEA9}.Debug|Any CPU.Build.0 = Debug|Any CPU
		{96893076-12A0-40E7-90A2-876C2590FEA9}.Release|Any CPU.ActiveCfg = Release|Any CPU
		{96893076-12A0-40E7-90A2-876C2590FEA9}.Release|Any CPU.Build.0 = Release|Any CPU
		{F7932327-A712-4F88-91D9-F9308A1F99ED}.Debug|Any CPU.ActiveCfg = Debug|Any CPU
		{F7932327-A712-4F88-91D9-F9308A1F99ED}.Debug|Any CPU.Build.0 = Debug|Any CPU
		{F7932327-A712-4F88-91D9-F9308A1F99ED}.Release|Any CPU.ActiveCfg = Release|Any CPU
		{F7932327-A712-4F88-91D9-F9308A1F99ED}.Release|Any CPU.Build.0 = Release|Any CPU
	EndGlobalSection
	GlobalSection(SolutionProperties) = preSolution
		HideSolutionNode = FALSE
	EndGlobalSection
	GlobalSection(NestedProjects) = preSolution
		{64242081-42B7-47DF-B548-BEAE3BF5223A} = {ED5C6B4B-C72F-40D3-B1CC-F99BC6272C92}
		{44500EF6-4447-4F6B-9503-EFB825C76074} = {ED5C6B4B-C72F-40D3-B1CC-F99BC6272C92}
		{A2C09589-1E7D-4501-B52A-A155B1419182} = {64242081-42B7-47DF-B548-BEAE3BF5223A}
		{289364E4-CB9D-47FF-A321-DB21D9978635} = {64242081-42B7-47DF-B548-BEAE3BF5223A}
		{C97F53D9-06A7-4BCF-8634-1C92FE76EED7} = {64242081-42B7-47DF-B548-BEAE3BF5223A}
		{63358A78-D13E-4D77-8751-52794C1E220E} = {64242081-42B7-47DF-B548-BEAE3BF5223A}
		{A0721527-E6B9-44FA-9DD6-D97B10245A9D} = {44500EF6-4447-4F6B-9503-EFB825C76074}
		{B779D4ED-0923-49CE-AE91-0282E1024FE9} = {44500EF6-4447-4F6B-9503-EFB825C76074}
		{B5E41E90-215B-43D9-B4F0-BAD93D28172C} = {44500EF6-4447-4F6B-9503-EFB825C76074}
		{C4AA927F-63EC-4C1E-B82F-9677BC6B8345} = {44500EF6-4447-4F6B-9503-EFB825C76074}
		{499271FA-C8B0-400A-8E82-C4C3E6E6FDD7} = {44500EF6-4447-4F6B-9503-EFB825C76074}
		{A243F2D8-A632-4FE2-B683-EFBB63E135D7} = {44500EF6-4447-4F6B-9503-EFB825C76074}
		{2C18C78C-7DB0-4667-A487-FC34B0B97E0E} = {44500EF6-4447-4F6B-9503-EFB825C76074}
		{96893076-12A0-40E7-90A2-876C2590FEA9} = {64242081-42B7-47DF-B548-BEAE3BF5223A}
		{F7932327-A712-4F88-91D9-F9308A1F99ED} = {44500EF6-4447-4F6B-9503-EFB825C76074}
	EndGlobalSection
	GlobalSection(ExtensibilityGlobals) = postSolution
		SolutionGuid = {A8897E98-0004-493D-9DB2-F21F4BA17186}
	EndGlobalSection
EndGlobal
